
Microsoft Visual Studio Solution File, Format Version 12.00
# Visual Studio 15
VisualStudioVersion = 15.0.27004.2010
MinimumVisualStudioVersion = 10.0.40219.1
Project("{FAE04EC0-301F-11D3-BF4B-00C04F79EFBC}") = "String Variables", "String Variables\String Variables.csproj", "{F3E37094-89A8-4974-8955-2AE778C7DC31}"
EndProject
Global
	GlobalSection(SolutionConfigurationPlatforms) = preSolution
		Debug|Any CPU = Debug|Any CPU
		Release|Any CPU = Release|Any CPU
	EndGlobalSection
	GlobalSection(ProjectConfigurationPlatforms) = postSolution
		{F3E37094-89A8-4974-8955-2AE778C7DC31}.Debug|Any CPU.ActiveCfg = Debug|Any CPU
		{F3E37094-89A8-4974-8955-2AE778C7DC31}.Debug|Any CPU.Build.0 = Debug|Any CPU
		{F3E37094-89A8-4974-8955-2AE778C7DC31}.Release|Any CPU.ActiveCfg = Release|Any CPU
		{F3E37094-89A8-4974-8955-2AE778C7DC31}.Release|Any CPU.Build.0 = Release|Any CPU
	EndGlobalSection
	GlobalSection(SolutionProperties) = preSolution
		HideSolutionNode = FALSE
	EndGlobalSection
	GlobalSection(ExtensibilityGlobals) = postSolution
		SolutionGuid = {61B2F673-4EB0-46AA-892C-17FDF03A53E1}
	EndGlobalSection
EndGlobal
